
Microsoft Visual Studio Solution File, Format Version 12.00
# Visual Studio Version 16
VisualStudioVersion = 16.0.29424.173
MinimumVisualStudioVersion = 10.0.40219.1
Project("{FAE04EC0-301F-11D3-BF4B-00C04F79EFBC}") = "emre_can_alpdogan", "emre_can_alpdogan\emre_can_alpdogan.csproj", "{341A8D7B-3588-4F02-A45A-B434F7C34AA4}"
EndProject
Global
	GlobalSection(SolutionConfigurationPlatforms) = preSolution
		Debug|Any CPU = Debug|Any CPU
		Release|Any CPU = Release|Any CPU
	EndGlobalSection
	GlobalSection(ProjectConfigurationPlatforms) = postSolution
		{341A8D7B-3588-4F02-A45A-B434F7C34AA4}.Debug|Any CPU.ActiveCfg = Debug|Any CPU
		{341A8D7B-3588-4F02-A45A-B434F7C34AA4}.Debug|Any CPU.Build.0 = Debug|Any CPU
		{341A8D7B-3588-4F02-A45A-B434F7C34AA4}.Release|Any CPU.ActiveCfg = Release|Any CPU
		{341A8D7B-3588-4F02-A45A-B434F7C34AA4}.Release|Any CPU.Build.0 = Release|Any CPU
	EndGlobalSection
	GlobalSection(SolutionProperties) = preSolution
		HideSolutionNode = FALSE
	EndGlobalSection
	GlobalSection(ExtensibilityGlobals) = postSolution
		SolutionGuid = {0947C651-BBB4-4C68-9542-B6FF10C988DB}
	EndGlobalSection
EndGlobal
